
Microsoft Visual Studio Solution File, Format Version 12.00
# Visual Studio Version 17
VisualStudioVersion = 17.10.34928.147
MinimumVisualStudioVersion = 10.0.40219.1
Project("{FAE04EC0-301F-11D3-BF4B-00C04F79EFBC}") = "ShoppingCartApplication", "ShoppingCartApplication\ShoppingCartApplication.csproj", "{899AB212-F3F5-49C4-94E8-D87B717D80D5}"
EndProject
Global
	GlobalSection(SolutionConfigurationPlatforms) = preSolution
		Debug|Any CPU = Debug|Any CPU
		Release|Any CPU = Release|Any CPU
	EndGlobalSection
	GlobalSection(ProjectConfigurationPlatforms) = postSolution
		{899AB212-F3F5-49C4-94E8-D87B717D80D5}.Debug|Any CPU.ActiveCfg = Debug|Any CPU
		{899AB212-F3F5-49C4-94E8-D87B717D80D5}.Debug|Any CPU.Build.0 = Debug|Any CPU
		{899AB212-F3F5-49C4-94E8-D87B717D80D5}.Release|Any CPU.ActiveCfg = Release|Any CPU
		{899AB212-F3F5-49C4-94E8-D87B717D80D5}.Release|Any CPU.Build.0 = Release|Any CPU
	EndGlobalSection
	GlobalSection(SolutionProperties) = preSolution
		HideSolutionNode = FALSE
	EndGlobalSection
	GlobalSection(ExtensibilityGlobals) = postSolution
		SolutionGuid = {242A67C6-DB01-430F-934B-8725C549E058}
	EndGlobalSection
EndGlobal
